
Microsoft Visual Studio Solution File, Format Version 12.00
# Visual Studio 2013
VisualStudioVersion = 12.0.30501.0
MinimumVisualStudioVersion = 10.0.40219.1
Project("{FAE04EC0-301F-11D3-BF4B-00C04F79EFBC}") = "LeStreamsFace", "LeStreamsFace\LeStreamsFace.csproj", "{88922744-5F2F-4AE4-BFEA-C77BD1BBE685}"
EndProject
Project("{2150E333-8FDC-42A3-9474-1A3956D46DE8}") = ".nuget", ".nuget", "{A70D9070-A0B6-4D02-9362-2E3880183766}"
	ProjectSection(SolutionItems) = preProject
		.nuget\NuGet.Config = .nuget\NuGet.Config
		.nuget\NuGet.exe = .nuget\NuGet.exe
		.nuget\NuGet.targets = .nuget\NuGet.targets
	EndProjectSection
EndProject
Project("{FAE04EC0-301F-11D3-BF4B-00C04F79EFBC}") = "LeStreamsFace.Tests", "LeStreamsFace.Tests\LeStreamsFace.Tests.csproj", "{E97D41D4-1C15-4A08-8B1B-54B93B569A5A}"
EndProject
Global
	GlobalSection(SolutionConfigurationPlatforms) = preSolution
		Debug|x86 = Debug|x86
		Release|x86 = Release|x86
	EndGlobalSection
	GlobalSection(ProjectConfigurationPlatforms) = postSolution
		{88922744-5F2F-4AE4-BFEA-C77BD1BBE685}.Debug|x86.ActiveCfg = Debug|x86
		{88922744-5F2F-4AE4-BFEA-C77BD1BBE685}.Debug|x86.Build.0 = Debug|x86
		{88922744-5F2F-4AE4-BFEA-C77BD1BBE685}.Release|x86.ActiveCfg = Release|x86
		{88922744-5F2F-4AE4-BFEA-C77BD1BBE685}.Release|x86.Build.0 = Release|x86
		{E97D41D4-1C15-4A08-8B1B-54B93B569A5A}.Debug|x86.ActiveCfg = Debug|x86
		{E97D41D4-1C15-4A08-8B1B-54B93B569A5A}.Debug|x86.Build.0 = Debug|x86
		{E97D41D4-1C15-4A08-8B1B-54B93B569A5A}.Release|x86.ActiveCfg = Release|x86
		{E97D41D4-1C15-4A08-8B1B-54B93B569A5A}.Release|x86.Build.0 = Release|x86
	EndGlobalSection
	GlobalSection(SolutionProperties) = preSolution
		HideSolutionNode = FALSE
	EndGlobalSection
EndGlobal
